{
    "_readme": [
        "This file locks the dependencies of your project to a known state",
        "Read more about it at https://getcomposer.org/doc/01-basic-usage.md#installing-dependencies",
        "This file is @generated automatically"
    ],
    "content-hash": "5c042e554022df8f69b2d54025743b1a",
    "packages": [
        {
            "name": "composer/ca-bundle",
            "version": "dev-master",
            "source": {
                "type": "git",
                "url": "https://github.com/composer/ca-bundle.git",
                "reference": "45501c64f5d1b6a9c53c9a9def19e141bcbf2260"
            },
            "dist": {
                "type": "zip",
                "url": "https://api.github.com/repos/composer/ca-bundle/zipball/45501c64f5d1b6a9c53c9a9def19e141bcbf2260",
                "reference": "45501c64f5d1b6a9c53c9a9def19e141bcbf2260",
                "shasum": ""
            },
            "require": {
                "ext-openssl": "*",
                "ext-pcre": "*",
                "php": "^5.3.2 || ^7.0"
            },
            "require-dev": {
                "phpunit/phpunit": "^4.8.35 || ^5.7 || ^6.5",
                "psr/log": "^1.0",
                "symfony/process": "^2.5 || ^3.0 || ^4.0"
            },
            "type": "library",
            "extra": {
                "branch-alias": {
                    "dev-master": "1.x-dev"
                }
            },
            "autoload": {
                "psr-4": {
                    "Composer\\CaBundle\\": "src"
                }
            },
            "notification-url": "https://packagist.org/downloads/",
            "license": [
                "MIT"
            ],
            "authors": [
                {
                    "name": "Jordi Boggiano",
                    "email": "j.boggiano@seld.be",
                    "homepage": "http://seld.be"
                }
            ],
            "description": "Lets you find a path to the system CA bundle, and includes a fallback to the Mozilla CA bundle.",
            "keywords": [
                "cabundle",
                "cacert",
                "certificate",
                "ssl",
                "tls"
            ],
            "time": "2018-10-31T14:14:03+00:00"
        },
        {
            "name": "composer/composer",
            "version": "dev-master",
            "source": {
                "type": "git",
                "url": "https://github.com/composer/composer.git",
                "reference": "86f59348f5fa308d3b9a911a8d03c30272c71e64"
            },
            "dist": {
                "type": "zip",
                "url": "https://api.github.com/repos/composer/composer/zipball/86f59348f5fa308d3b9a911a8d03c30272c71e64",
                "reference": "86f59348f5fa308d3b9a911a8d03c30272c71e64",
                "shasum": ""
            },
            "require": {
                "composer/ca-bundle": "^1.0",
                "composer/semver": "^1.0",
                "composer/spdx-licenses": "^1.2",
                "composer/xdebug-handler": "^1.1",
                "justinrainbow/json-schema": "^3.0 || ^4.0 || ^5.0",
                "php": "^5.3.2 || ^7.0",
                "psr/log": "^1.0",
                "seld/jsonlint": "^1.4",
                "seld/phar-utils": "^1.0",
                "symfony/console": "^2.7 || ^3.0 || ^4.0",
                "symfony/filesystem": "^2.7 || ^3.0 || ^4.0",
                "symfony/finder": "^2.7 || ^3.0 || ^4.0",
                "symfony/process": "^2.7 || ^3.0 || ^4.0"
            },
            "conflict": {
                "symfony/console": "2.8.38"
            },
            "require-dev": {
                "phpunit/phpunit": "^4.8.35 || ^5.7",
                "phpunit/phpunit-mock-objects": "^2.3 || ^3.0"
            },
            "suggest": {
                "ext-openssl": "Enabling the openssl extension allows you to access https URLs for repositories and packages",
                "ext-zip": "Enabling the zip extension allows you to unzip archives",
                "ext-zlib": "Allow gzip compression of HTTP requests"
            },
            "bin": [
                "bin/composer"
            ],
            "type": "library",
            "extra": {
                "branch-alias": {
                    "dev-master": "1.8-dev"
                }
            },
            "autoload": {
                "psr-4": {
                    "Composer\\": "src/Composer"
                }
            },
            "notification-url": "https://packagist.org/downloads/",
            "license": [
                "MIT"
            ],
            "authors": [
                {
                    "name": "Nils Adermann",
                    "email": "naderman@naderman.de",
                    "homepage": "http://www.naderman.de"
                },
                {
                    "name": "Jordi Boggiano",
                    "email": "j.boggiano@seld.be",
                    "homepage": "http://seld.be"
                }
            ],
            "description": "Composer helps you declare, manage and install dependencies of PHP projects, ensuring you have the right stack everywhere.",
            "homepage": "https://getcomposer.org/",
            "keywords": [
                "autoload",
                "dependency",
                "package"
            ],
            "time": "2018-11-12T14:24:28+00:00"
        },
        {
            "name": "composer/satis",
            "version": "1.0.0",
            "source": {
                "type": "git",
                "url": "https://github.com/composer/satis.git",
                "reference": "f66ff72ce4e788e95827404888fd53b3c9d29f82"
            },
            "dist": {
                "type": "zip",
                "url": "https://api.github.com/repos/composer/satis/zipball/f66ff72ce4e788e95827404888fd53b3c9d29f82",
                "reference": "f66ff72ce4e788e95827404888fd53b3c9d29f82",
                "shasum": ""
            },
            "require": {
                "composer/composer": "^1.4",
                "php": "^5.6 || ^7.0",
                "symfony/console": "^2.1 || ^3.0.4",
                "twig/twig": "^1.7 || ^2.0"
            },
            "require-dev": {
                "mikey179/vfsstream": "^1.6",
                "phpunit/phpunit": "^4.5 || ^5.0.5",
                "phpunit/phpunit-mock-objects": "2.3.0 || ^3.0"
            },
            "bin": [
                "bin/satis"
            ],
            "type": "library",
            "extra": {
                "branch-alias": {
                    "dev-master": "1.0-dev"
                }
            },
            "autoload": {
                "psr-4": {
                    "Composer\\Satis\\": "src"
                }
            },
            "notification-url": "https://packagist.org/downloads/",
            "license": [
                "MIT"
            ],
            "authors": [
                {
                    "name": "Nils Adermann",
                    "email": "naderman@naderman.de",
                    "homepage": "http://www.naderman.de"
                },
                {
                    "name": "Jordi Boggiano",
                    "email": "j.boggiano@seld.be",
                    "homepage": "http://seld.be"
                }
            ],
            "description": "Simple Repository Generator",
            "homepage": "https://github.com/composer/satis",
            "keywords": [
                "composer",
                "generator",
                "package",
                "repository",
                "static"
            ],
            "time": "2017-08-10T06:25:40+00:00"
        },
        {
            "name": "composer/semver",
            "version": "dev-master",
            "source": {
                "type": "git",
                "url": "https://github.com/composer/semver.git",
                "reference": "2b303e43d14d15cc90c8e8db4a1cdb6259f1a5c5"
            },
            "dist": {
                "type": "zip",
                "url": "https://api.github.com/repos/composer/semver/zipball/2b303e43d14d15cc90c8e8db4a1cdb6259f1a5c5",
                "reference": "2b303e43d14d15cc90c8e8db4a1cdb6259f1a5c5",
                "shasum": ""
            },
            "require": {
                "php": "^5.3.2 || ^7.0"
            },
            "require-dev": {
                "phpunit/phpunit": "^4.5 || ^5.0.5",
                "phpunit/phpunit-mock-objects": "2.3.0 || ^3.0"
            },
            "type": "library",
            "extra": {
                "branch-alias": {
                    "dev-master": "1.x-dev"
                }
            },
            "autoload": {
                "psr-4": {
                    "Composer\\Semver\\": "src"
                }
            },
            "notification-url": "https://packagist.org/downloads/",
            "license": [
                "MIT"
            ],
            "authors": [
                {
                    "name": "Nils Adermann",
                    "email": "naderman@naderman.de",
                    "homepage": "http://www.naderman.de"
                },
                {
                    "name": "Jordi Boggiano",
                    "email": "j.boggiano@seld.be",
                    "homepage": "http://seld.be"
                },
                {
                    "name": "Rob Bast",
                    "email": "rob.bast@gmail.com",
                    "homepage": "http://robbast.nl"
                }
            ],
            "description": "Semver library that offers utilities, version constraint parsing and validation.",
            "keywords": [
                "semantic",
                "semver",
                "validation",
                "versioning"
            ],
            "time": "2017-11-06T09:05:54+00:00"
        },
        {
            "name": "composer/spdx-licenses",
            "version": "dev-master",
            "source": {
                "type": "git",
                "url": "https://github.com/composer/spdx-licenses.git",
                "reference": "7a9556b22bd9d4df7cad89876b00af58ef20d3a2"
            },
            "dist": {
                "type": "zip",
                "url": "https://api.github.com/repos/composer/spdx-licenses/zipball/7a9556b22bd9d4df7cad89876b00af58ef20d3a2",
                "reference": "7a9556b22bd9d4df7cad89876b00af58ef20d3a2",
                "shasum": ""
            },
            "require": {
                "php": "^5.3.2 || ^7.0"
            },
            "require-dev": {
                "phpunit/phpunit": "^4.8.35 || ^5.7 || ^6.5",
                "phpunit/phpunit-mock-objects": "2.3.0 || ^3.0"
            },
            "type": "library",
            "extra": {
                "branch-alias": {
                    "dev-master": "1.x-dev"
                }
            },
            "autoload": {
                "psr-4": {
                    "Composer\\Spdx\\": "src"
                }
            },
            "notification-url": "https://packagist.org/downloads/",
            "license": [
                "MIT"
            ],
            "authors": [
                {
                    "name": "Nils Adermann",
                    "email": "naderman@naderman.de",
                    "homepage": "http://www.naderman.de"
                },
                {
                    "name": "Jordi Boggiano",
                    "email": "j.boggiano@seld.be",
                    "homepage": "http://seld.be"
                },
                {
                    "name": "Rob Bast",
                    "email": "rob.bast@gmail.com",
                    "homepage": "http://robbast.nl"
                }
            ],
            "description": "SPDX licenses list and validation library.",
            "keywords": [
                "license",
                "spdx",
                "validator"
            ],
            "time": "2018-11-01T09:45:54+00:00"
        },
        {
            "name": "composer/xdebug-handler",
            "version": "1.3.0",
            "source": {
                "type": "git",
                "url": "https://github.com/composer/xdebug-handler.git",
                "reference": "b8e9745fb9b06ea6664d8872c4505fb16df4611c"
            },
            "dist": {
                "type": "zip",
                "url": "https://api.github.com/repos/composer/xdebug-handler/zipball/b8e9745fb9b06ea6664d8872c4505fb16df4611c",
                "reference": "b8e9745fb9b06ea6664d8872c4505fb16df4611c",
                "shasum": ""
            },
            "require": {
                "php": "^5.3.2 || ^7.0",
                "psr/log": "^1.0"
            },
            "require-dev": {
                "phpunit/phpunit": "^4.8.35 || ^5.7 || ^6.5"
            },
            "type": "library",
            "autoload": {
                "psr-4": {
                    "Composer\\XdebugHandler\\": "src"
                }
            },
            "notification-url": "https://packagist.org/downloads/",
            "license": [
                "MIT"
            ],
            "authors": [
                {
                    "name": "John Stevenson",
                    "email": "john-stevenson@blueyonder.co.uk"
                }
            ],
            "description": "Restarts a process without xdebug.",
            "keywords": [
                "Xdebug",
                "performance"
            ],
            "time": "2018-08-31T19:07:57+00:00"
        },
        {
            "name": "justinrainbow/json-schema",
            "version": "5.x-dev",
            "source": {
                "type": "git",
                "url": "https://github.com/justinrainbow/json-schema.git",
                "reference": "8560d4314577199ba51bf2032f02cd1315587c23"
            },
            "dist": {
                "type": "zip",
                "url": "https://api.github.com/repos/justinrainbow/json-schema/zipball/8560d4314577199ba51bf2032f02cd1315587c23",
                "reference": "8560d4314577199ba51bf2032f02cd1315587c23",
                "shasum": ""
            },
            "require": {
                "php": ">=5.3.3"
            },
            "require-dev": {
                "friendsofphp/php-cs-fixer": "^2.1",
                "json-schema/json-schema-test-suite": "1.2.0",
                "phpunit/phpunit": "^4.8.35"
            },
            "bin": [
                "bin/validate-json"
            ],
            "type": "library",
            "extra": {
                "branch-alias": {
                    "dev-master": "5.0.x-dev"
                }
            },
            "autoload": {
                "psr-4": {
                    "JsonSchema\\": "src/JsonSchema/"
                }
            },
            "notification-url": "https://packagist.org/downloads/",
            "license": [
                "MIT"
            ],
            "authors": [
                {
                    "name": "Bruno Prieto Reis",
                    "email": "bruno.p.reis@gmail.com"
                },
                {
                    "name": "Justin Rainbow",
                    "email": "justin.rainbow@gmail.com"
                },
                {
                    "name": "Igor Wiedler",
                    "email": "igor@wiedler.ch"
                },
                {
                    "name": "Robert Schönthal",
                    "email": "seroscho@googlemail.com"
                }
            ],
            "description": "A library to validate a json schema.",
            "homepage": "https://github.com/justinrainbow/json-schema",
            "keywords": [
                "json",
                "schema"
            ],
            "time": "2018-02-14T22:26:30+00:00"
        },
        {
            "name": "psr/log",
            "version": "dev-master",
            "source": {
                "type": "git",
                "url": "https://github.com/php-fig/log.git",
                "reference": "c4421fcac1edd5a324fda73e589a5cf96e52ffd0"
            },
            "dist": {
                "type": "zip",
                "url": "https://api.github.com/repos/php-fig/log/zipball/c4421fcac1edd5a324fda73e589a5cf96e52ffd0",
                "reference": "c4421fcac1edd5a324fda73e589a5cf96e52ffd0",
                "shasum": ""
            },
            "require": {
                "php": ">=5.3.0"
            },
            "type": "library",
            "extra": {
                "branch-alias": {
                    "dev-master": "1.1.x-dev"
                }
            },
            "autoload": {
                "psr-4": {
                    "Psr\\Log\\": "Psr/Log/"
                }
            },
            "notification-url": "https://packagist.org/downloads/",
            "license": [
                "MIT"
            ],
            "authors": [
                {
                    "name": "PHP-FIG",
                    "homepage": "http://www.php-fig.org/"
                }
            ],
            "description": "Common interface for logging libraries",
            "homepage": "https://github.com/php-fig/log",
            "keywords": [
                "log",
                "psr",
                "psr-3"
            ],
            "time": "2018-11-21T13:42:00+00:00"
        },
        {
            "name": "seld/jsonlint",
            "version": "1.7.1",
            "source": {
                "type": "git",
                "url": "https://github.com/Seldaek/jsonlint.git",
                "reference": "d15f59a67ff805a44c50ea0516d2341740f81a38"
            },
            "dist": {
                "type": "zip",
                "url": "https://api.github.com/repos/Seldaek/jsonlint/zipball/d15f59a67ff805a44c50ea0516d2341740f81a38",
                "reference": "d15f59a67ff805a44c50ea0516d2341740f81a38",
                "shasum": ""
            },
            "require": {
                "php": "^5.3 || ^7.0"
            },
            "require-dev": {
                "phpunit/phpunit": "^4.8.35 || ^5.7 || ^6.0"
            },
            "bin": [
                "bin/jsonlint"
            ],
            "type": "library",
            "autoload": {
                "psr-4": {
                    "Seld\\JsonLint\\": "src/Seld/JsonLint/"
                }
            },
            "notification-url": "https://packagist.org/downloads/",
            "license": [
                "MIT"
            ],
            "authors": [
                {
                    "name": "Jordi Boggiano",
                    "email": "j.boggiano@seld.be",
                    "homepage": "http://seld.be"
                }
            ],
            "description": "JSON Linter",
            "keywords": [
                "json",
                "linter",
                "parser",
                "validator"
            ],
            "time": "2018-01-24T12:46:19+00:00"
        },
        {
            "name": "seld/phar-utils",
            "version": "dev-master",
            "source": {
                "type": "git",
                "url": "https://github.com/Seldaek/phar-utils.git",
                "reference": "7009b5139491975ef6486545a39f3e6dad5ac30a"
            },
            "dist": {
                "type": "zip",
                "url": "https://api.github.com/repos/Seldaek/phar-utils/zipball/7009b5139491975ef6486545a39f3e6dad5ac30a",
                "reference": "7009b5139491975ef6486545a39f3e6dad5ac30a",
                "shasum": ""
            },
            "require": {
                "php": ">=5.3"
            },
            "type": "library",
            "extra": {
                "branch-alias": {
                    "dev-master": "1.x-dev"
                }
            },
            "autoload": {
                "psr-4": {
                    "Seld\\PharUtils\\": "src/"
                }
            },
            "notification-url": "https://packagist.org/downloads/",
            "license": [
                "MIT"
            ],
            "authors": [
                {
                    "name": "Jordi Boggiano",
                    "email": "j.boggiano@seld.be"
                }
            ],
            "description": "PHAR file format utilities, for when PHP phars you up",
            "keywords": [
                "phra"
            ],
            "time": "2015-10-13T18:44:15+00:00"
        },
        {
            "name": "symfony/console",
            "version": "3.4.x-dev",
            "source": {
                "type": "git",
                "url": "https://github.com/symfony/console.git",
                "reference": "42c4bdae74c8706717bd0aaa2ce1361e7ee66b7d"
            },
            "dist": {
                "type": "zip",
                "url": "https://api.github.com/repos/symfony/console/zipball/42c4bdae74c8706717bd0aaa2ce1361e7ee66b7d",
                "reference": "42c4bdae74c8706717bd0aaa2ce1361e7ee66b7d",
                "shasum": ""
            },
            "require": {
                "php": "^5.5.9|>=7.0.8",
                "symfony/debug": "~2.8|~3.0|~4.0",
                "symfony/polyfill-mbstring": "~1.0"
            },
            "conflict": {
                "symfony/dependency-injection": "<3.4",
                "symfony/process": "<3.3"
            },
            "require-dev": {
                "psr/log": "~1.0",
                "symfony/config": "~3.3|~4.0",
                "symfony/dependency-injection": "~3.4|~4.0",
                "symfony/event-dispatcher": "~2.8|~3.0|~4.0",
                "symfony/lock": "~3.4|~4.0",
                "symfony/process": "~3.3|~4.0"
            },
            "suggest": {
                "psr/log-implementation": "For using the console logger",
                "symfony/event-dispatcher": "",
                "symfony/lock": "",
                "symfony/process": ""
            },
            "type": "library",
            "extra": {
                "branch-alias": {
                    "dev-master": "3.4-dev"
                }
            },
            "autoload": {
                "psr-4": {
                    "Symfony\\Component\\Console\\": ""
                },
                "exclude-from-classmap": [
                    "/Tests/"
                ]
            },
            "notification-url": "https://packagist.org/downloads/",
            "license": [
                "MIT"
            ],
            "authors": [
                {
                    "name": "Fabien Potencier",
                    "email": "fabien@symfony.com"
                },
                {
                    "name": "Symfony Community",
                    "homepage": "https://symfony.com/contributors"
                }
            ],
            "description": "Symfony Console Component",
            "homepage": "https://symfony.com",
            "time": "2018-11-20T15:57:17+00:00"
        },
        {
            "name": "symfony/debug",
            "version": "dev-master",
            "source": {
                "type": "git",
                "url": "https://github.com/symfony/debug.git",
                "reference": "7a8a60421b828aa8e1ee10bd14c9256cc50c2a46"
            },
            "dist": {
                "type": "zip",
                "url": "https://api.github.com/repos/symfony/debug/zipball/7a8a60421b828aa8e1ee10bd14c9256cc50c2a46",
                "reference": "7a8a60421b828aa8e1ee10bd14c9256cc50c2a46",
                "shasum": ""
            },
            "require": {
                "php": "^7.1.3",
                "psr/log": "~1.0"
            },
            "conflict": {
                "symfony/http-kernel": "<3.4"
            },
            "require-dev": {
                "symfony/http-kernel": "~3.4|~4.0"
            },
            "type": "library",
            "extra": {
                "branch-alias": {
                    "dev-master": "4.2-dev"
                }
            },
            "autoload": {
                "psr-4": {
                    "Symfony\\Component\\Debug\\": ""
                },
                "exclude-from-classmap": [
                    "/Tests/"
                ]
            },
            "notification-url": "https://packagist.org/downloads/",
            "license": [
                "MIT"
            ],
            "authors": [
                {
                    "name": "Fabien Potencier",
                    "email": "fabien@symfony.com"
                },
                {
                    "name": "Symfony Community",
                    "homepage": "https://symfony.com/contributors"
                }
            ],
            "description": "Symfony Debug Component",
            "homepage": "https://symfony.com",
            "time": "2018-11-13T19:31:34+00:00"
        },
        {
            "name": "symfony/filesystem",
            "version": "dev-master",
            "source": {
                "type": "git",
                "url": "https://github.com/symfony/filesystem.git",
                "reference": "2f4c8b999b3b7cadb2a69390b01af70886753710"
            },
            "dist": {
                "type": "zip",
                "url": "https://api.github.com/repos/symfony/filesystem/zipball/2f4c8b999b3b7cadb2a69390b01af70886753710",
                "reference": "2f4c8b999b3b7cadb2a69390b01af70886753710",
                "shasum": ""
            },
            "require": {
                "php": "^7.1.3",
                "symfony/polyfill-ctype": "~1.8"
            },
            "type": "library",
            "extra": {
                "branch-alias": {
                    "dev-master": "4.2-dev"
                }
            },
            "autoload": {
                "psr-4": {
                    "Symfony\\Component\\Filesystem\\": ""
                },
                "exclude-from-classmap": [
                    "/Tests/"
                ]
            },
            "notification-url": "https://packagist.org/downloads/",
            "license": [
                "MIT"
            ],
            "authors": [
                {
                    "name": "Fabien Potencier",
                    "email": "fabien@symfony.com"
                },
                {
                    "name": "Symfony Community",
                    "homepage": "https://symfony.com/contributors"
                }
            ],
            "description": "Symfony Filesystem Component",
            "homepage": "https://symfony.com",
            "time": "2018-11-11T19:52:12+00:00"
        },
        {
            "name": "symfony/finder",
            "version": "dev-master",
            "source": {
                "type": "git",
                "url": "https://github.com/symfony/finder.git",
                "reference": "e53d477d7b5c4982d0e1bfd2298dbee63d01441d"
            },
            "dist": {
                "type": "zip",
                "url": "https://api.github.com/repos/symfony/finder/zipball/e53d477d7b5c4982d0e1bfd2298dbee63d01441d",
                "reference": "e53d477d7b5c4982d0e1bfd2298dbee63d01441d",
                "shasum": ""
            },
            "require": {
                "php": "^7.1.3"
            },
            "type": "library",
            "extra": {
                "branch-alias": {
                    "dev-master": "4.2-dev"
                }
            },
            "autoload": {
                "psr-4": {
                    "Symfony\\Component\\Finder\\": ""
                },
                "exclude-from-classmap": [
                    "/Tests/"
                ]
            },
            "notification-url": "https://packagist.org/downloads/",
            "license": [
                "MIT"
            ],
            "authors": [
                {
                    "name": "Fabien Potencier",
                    "email": "fabien@symfony.com"
                },
                {
                    "name": "Symfony Community",
                    "homepage": "https://symfony.com/contributors"
                }
            ],
            "description": "Symfony Finder Component",
            "homepage": "https://symfony.com",
            "time": "2018-11-11T19:52:12+00:00"
        },
        {
            "name": "symfony/polyfill-ctype",
            "version": "v1.10.0",
            "source": {
                "type": "git",
                "url": "https://github.com/symfony/polyfill-ctype.git",
                "reference": "e3d826245268269cd66f8326bd8bc066687b4a19"
            },
            "dist": {
                "type": "zip",
                "url": "https://api.github.com/repos/symfony/polyfill-ctype/zipball/e3d826245268269cd66f8326bd8bc066687b4a19",
                "reference": "e3d826245268269cd66f8326bd8bc066687b4a19",
                "shasum": ""
            },
            "require": {
                "php": ">=5.3.3"
            },
            "suggest": {
                "ext-ctype": "For best performance"
            },
            "type": "library",
            "extra": {
                "branch-alias": {
                    "dev-master": "1.9-dev"
                }
            },
            "autoload": {
                "psr-4": {
                    "Symfony\\Polyfill\\Ctype\\": ""
                },
                "files": [
                    "bootstrap.php"
                ]
            },
            "notification-url": "https://packagist.org/downloads/",
            "license": [
                "MIT"
            ],
            "authors": [
                {
                    "name": "Symfony Community",
                    "homepage": "https://symfony.com/contributors"
                },
                {
                    "name": "Gert de Pagter",
                    "email": "BackEndTea@gmail.com"
                }
            ],
            "description": "Symfony polyfill for ctype functions",
            "homepage": "https://symfony.com",
            "keywords": [
                "compatibility",
                "ctype",
                "polyfill",
                "portable"
            ],
            "time": "2018-08-06T14:22:27+00:00"
        },
        {
            "name": "symfony/polyfill-mbstring",
            "version": "v1.10.0",
            "source": {
                "type": "git",
                "url": "https://github.com/symfony/polyfill-mbstring.git",
                "reference": "c79c051f5b3a46be09205c73b80b346e4153e494"
            },
            "dist": {
                "type": "zip",
                "url": "https://api.github.com/repos/symfony/polyfill-mbstring/zipball/c79c051f5b3a46be09205c73b80b346e4153e494",
                "reference": "c79c051f5b3a46be09205c73b80b346e4153e494",
                "shasum": ""
            },
            "require": {
                "php": ">=5.3.3"
            },
            "suggest": {
                "ext-mbstring": "For best performance"
            },
            "type": "library",
            "extra": {
                "branch-alias": {
                    "dev-master": "1.9-dev"
                }
            },
            "autoload": {
                "psr-4": {
                    "Symfony\\Polyfill\\Mbstring\\": ""
                },
                "files": [
                    "bootstrap.php"
                ]
            },
            "notification-url": "https://packagist.org/downloads/",
            "license": [
                "MIT"
            ],
            "authors": [
                {
                    "name": "Nicolas Grekas",
                    "email": "p@tchwork.com"
                },
                {
                    "name": "Symfony Community",
                    "homepage": "https://symfony.com/contributors"
                }
            ],
            "description": "Symfony polyfill for the Mbstring extension",
            "homepage": "https://symfony.com",
            "keywords": [
                "compatibility",
                "mbstring",
                "polyfill",
                "portable",
                "shim"
            ],
            "time": "2018-09-21T13:07:52+00:00"
        },
        {
            "name": "symfony/process",
            "version": "dev-master",
            "source": {
                "type": "git",
                "url": "https://github.com/symfony/process.git",
                "reference": "2b341009ccec76837a7f46f59641b431e4d4c2b0"
            },
            "dist": {
                "type": "zip",
                "url": "https://api.github.com/repos/symfony/process/zipball/2b341009ccec76837a7f46f59641b431e4d4c2b0",
                "reference": "2b341009ccec76837a7f46f59641b431e4d4c2b0",
                "shasum": ""
            },
            "require": {
                "php": "^7.1.3"
            },
            "type": "library",
            "extra": {
                "branch-alias": {
                    "dev-master": "4.2-dev"
                }
            },
            "autoload": {
                "psr-4": {
                    "Symfony\\Component\\Process\\": ""
                },
                "exclude-from-classmap": [
                    "/Tests/"
                ]
            },
            "notification-url": "https://packagist.org/downloads/",
            "license": [
                "MIT"
            ],
            "authors": [
                {
                    "name": "Fabien Potencier",
                    "email": "fabien@symfony.com"
                },
                {
                    "name": "Symfony Community",
                    "homepage": "https://symfony.com/contributors"
                }
            ],
            "description": "Symfony Process Component",
            "homepage": "https://symfony.com",
            "time": "2018-11-20T16:22:05+00:00"
        },
        {
            "name": "twig/twig",
            "version": "2.x-dev",
            "source": {
                "type": "git",
                "url": "https://github.com/twigphp/Twig.git",
                "reference": "c8020aa5d848fcb934b047d85304544b174a95a7"
            },
            "dist": {
                "type": "zip",
                "url": "https://api.github.com/repos/twigphp/Twig/zipball/c8020aa5d848fcb934b047d85304544b174a95a7",
                "reference": "c8020aa5d848fcb934b047d85304544b174a95a7",
                "shasum": ""
            },
            "require": {
                "php": "^7.0",
                "symfony/polyfill-ctype": "^1.8",
                "symfony/polyfill-mbstring": "^1.3"
            },
            "require-dev": {
                "psr/container": "^1.0",
                "symfony/debug": "^2.7",
                "symfony/phpunit-bridge": "^3.3"
            },
            "type": "library",
            "extra": {
                "branch-alias": {
                    "dev-master": "2.6-dev"
                }
            },
            "autoload": {
                "psr-0": {
                    "Twig_": "lib/"
                },
                "psr-4": {
                    "Twig\\": "src/"
                }
            },
            "notification-url": "https://packagist.org/downloads/",
            "license": [
                "BSD-3-Clause"
            ],
            "authors": [
                {
                    "name": "Fabien Potencier",
                    "email": "fabien@symfony.com",
                    "homepage": "http://fabien.potencier.org",
                    "role": "Lead Developer"
                },
                {
                    "name": "Armin Ronacher",
                    "email": "armin.ronacher@active-4.com",
                    "role": "Project Founder"
                },
                {
                    "name": "Twig Team",
                    "homepage": "https://twig.symfony.com/contributors",
                    "role": "Contributors"
                }
            ],
            "description": "Twig, the flexible, fast, and secure template language for PHP",
            "homepage": "https://twig.symfony.com",
            "keywords": [
                "templating"
            ],
            "time": "2018-10-12T12:54:33+00:00"
        }
    ],
    "packages-dev": [],
    "aliases": [],
    "minimum-stability": "dev",
    "stability-flags": [],
    "prefer-stable": false,
    "prefer-lowest": false,
    "platform": [],
    "platform-dev": []
}
